{
  "nodes": {
    "flake-utils": {
      "inputs": {
        "systems": "systems"
      },
      "locked": {
        "lastModified": 1731533236,
        "narHash": "sha256-l0KFg5HjrsfsO/JpG+r7fRrqm12kzFHyUHqHCVpMMbI=",
        "owner": "numtide",
        "repo": "flake-utils",
        "rev": "11707dc2f618dd54ca8739b309ec4fc024de578b",
        "type": "github"
      },
      "original": {
        "owner": "numtide",
        "repo": "flake-utils",
        "type": "github"
      }
    },
    "home-manager": {
      "inputs": {
        "nixpkgs": [
          "nixpkgs"
        ]
      },
      "locked": {
        "lastModified": 1752467539,
        "narHash": "sha256-4kaR+xmng9YPASckfvIgl5flF/1nAZOplM+Wp9I5SMI=",
        "owner": "nix-community",
        "repo": "home-manager",
        "rev": "1e54837569e0b80797c47be4720fab19e0db1616",
        "type": "github"
      },
      "original": {
        "owner": "nix-community",
        "repo": "home-manager",
        "type": "github"
      }
    },
    "home-manager_2": {
      "inputs": {
        "nixpkgs": [
          "hyprpanel",
          "nixpkgs"
        ]
      },
      "locked": {
        "lastModified": 1750798083,
        "narHash": "sha256-DTCCcp6WCFaYXWKFRA6fiI2zlvOLCf5Vwx8+/0R8Wc4=",
        "owner": "nix-community",
        "repo": "home-manager",
        "rev": "ff31a4677c1a8ae506aa7e003a3dba08cb203f82",
        "type": "github"
      },
      "original": {
        "owner": "nix-community",
        "repo": "home-manager",
        "type": "github"
      }
    },
    "hyprpanel": {
      "inputs": {
        "flake-utils": "flake-utils",
        "home-manager": "home-manager_2",
        "nixpkgs": "nixpkgs"
      },
      "locked": {
        "lastModified": 1752292276,
        "narHash": "sha256-cl1NEWTUsNxBmLjyvz+GDP4Hy7riaOszSGpfplHA7Y4=",
        "owner": "Jas-SinghFSU",
        "repo": "HyprPanel",
        "rev": "59b57fca0634c98f23227ea948f87df7814e72f6",
        "type": "github"
      },
      "original": {
        "owner": "Jas-SinghFSU",
        "repo": "HyprPanel",
        "type": "github"
      }
    },
    "kwin-effects-forceblur": {
      "inputs": {
        "nixpkgs": [
          "nixpkgs"
        ],
        "utils": "utils"
      },
      "locked": {
        "lastModified": 1751809810,
        "narHash": "sha256-DNI/IxfFRNDrGPdpwsEsmXCYFeKdRDRKDLcDimZWrVE=",
        "owner": "taj-ny",
        "repo": "kwin-effects-forceblur",
        "rev": "26ea1b6830143b15dba114fce754f6253e9eb5a5",
        "type": "github"
      },
      "original": {
        "owner": "taj-ny",
        "repo": "kwin-effects-forceblur",
        "type": "github"
      }
    },
    "nixpkgs": {
      "locked": {
        "lastModified": 1750776420,
        "narHash": "sha256-/CG+w0o0oJ5itVklOoLbdn2dGB0wbZVOoDm4np6w09A=",
        "owner": "nixos",
        "repo": "nixpkgs",
        "rev": "30a61f056ac492e3b7cdcb69c1e6abdcf00e39cf",
        "type": "github"
      },
      "original": {
        "owner": "nixos",
        "ref": "nixos-unstable",
        "repo": "nixpkgs",
        "type": "github"
      }
    },
    "nixpkgs_2": {
      "locked": {
        "lastModified": 1751984180,
        "narHash": "sha256-LwWRsENAZJKUdD3SpLluwDmdXY9F45ZEgCb0X+xgOL0=",
        "owner": "nixos",
        "repo": "nixpkgs",
        "rev": "9807714d6944a957c2e036f84b0ff8caf9930bc0",
        "type": "github"
      },
      "original": {
        "owner": "nixos",
        "ref": "nixos-unstable",
        "repo": "nixpkgs",
        "type": "github"
      }
    },
    "root": {
      "inputs": {
        "home-manager": "home-manager",
        "hyprpanel": "hyprpanel",
        "kwin-effects-forceblur": "kwin-effects-forceblur",
        "nixpkgs": "nixpkgs_2"
      }
    },
    "systems": {
      "locked": {
        "lastModified": 1681028828,
        "narHash": "sha256-Vy1rq5AaRuLzOxct8nz4T6wlgyUR7zLU309k9mBC768=",
        "owner": "nix-systems",
        "repo": "default",
        "rev": "da67096a3b9bf56a91d16901293e51ba5b49a27e",
        "type": "github"
      },
      "original": {
        "owner": "nix-systems",
        "repo": "default",
        "type": "github"
      }
    },
    "systems_2": {
      "locked": {
        "lastModified": 1681028828,
        "narHash": "sha256-Vy1rq5AaRuLzOxct8nz4T6wlgyUR7zLU309k9mBC768=",
        "owner": "nix-systems",
        "repo": "default",
        "rev": "da67096a3b9bf56a91d16901293e51ba5b49a27e",
        "type": "github"
      },
      "original": {
        "owner": "nix-systems",
        "repo": "default",
        "type": "github"
      }
    },
    "utils": {
      "inputs": {
        "systems": "systems_2"
      },
      "locked": {
        "lastModified": 1726560853,
        "narHash": "sha256-X6rJYSESBVr3hBoH0WbKE5KvhPU5bloyZ2L4K60/fPQ=",
        "owner": "numtide",
        "repo": "flake-utils",
        "rev": "c1dfcf08411b08f6b8615f7d8971a2bfa81d5e8a",
        "type": "github"
      },
      "original": {
        "owner": "numtide",
        "repo": "flake-utils",
        "type": "github"
      }
    }
  },
  "root": "root",
  "version": 7
}
