{
  "nodes": {
    "ags": {
      "inputs": {
        "astal": "astal",
        "nixpkgs": [
          "hyprpanel",
          "nixpkgs"
        ]
      },
      "locked": {
        "lastModified": 1736090999,
        "narHash": "sha256-B5CJuHqfJrzPa7tObK0H9669/EClSHpa/P7B9EuvElU=",
        "owner": "aylur",
        "repo": "ags",
        "rev": "5527c3c07d92c11e04e7fd99d58429493dba7e3c",
        "type": "github"
      },
      "original": {
        "owner": "aylur",
        "repo": "ags",
        "type": "github"
      }
    },
    "aquamarine": {
      "inputs": {
        "hyprutils": [
          "hyprland-0_46",
          "hyprutils"
        ],
        "hyprwayland-scanner": [
          "hyprland-0_46",
          "hyprwayland-scanner"
        ],
        "nixpkgs": [
          "hyprland-0_46",
          "nixpkgs"
        ],
        "systems": [
          "hyprland-0_46",
          "systems"
        ]
      },
      "locked": {
        "lastModified": 1734364797,
        "narHash": "sha256-2h1c+P0v3l0Z/ypUSsAPhU/yiSRgFwjVFODWp0S3d/w=",
        "owner": "hyprwm",
        "repo": "aquamarine",
        "rev": "8e77618b403a82fde2105a8e3cd7cabe7ef00952",
        "type": "github"
      },
      "original": {
        "owner": "hyprwm",
        "repo": "aquamarine",
        "type": "github"
      }
    },
    "astal": {
      "inputs": {
        "nixpkgs": [
          "hyprpanel",
          "ags",
          "nixpkgs"
        ]
      },
      "locked": {
        "lastModified": 1735172721,
        "narHash": "sha256-rtEAwGsHSppnkR3Qg3eRJ6Xh/F84IY9CrBBLzYabalY=",
        "owner": "aylur",
        "repo": "astal",
        "rev": "6c84b64efc736e039a8a10774a4a1bf772c37aa2",
        "type": "github"
      },
      "original": {
        "owner": "aylur",
        "repo": "astal",
        "type": "github"
      }
    },
    "flake-compat": {
      "flake": false,
      "locked": {
        "lastModified": 1696426674,
        "narHash": "sha256-kvjfFW7WAETZlt09AgDn1MrtKzP7t90Vf7vypd3OL1U=",
        "owner": "edolstra",
        "repo": "flake-compat",
        "rev": "0f9255e01c2351cc7d116c072cb317785dd33b33",
        "type": "github"
      },
      "original": {
        "owner": "edolstra",
        "repo": "flake-compat",
        "type": "github"
      }
    },
    "gitignore": {
      "inputs": {
        "nixpkgs": [
          "hyprland-0_46",
          "pre-commit-hooks",
          "nixpkgs"
        ]
      },
      "locked": {
        "lastModified": 1709087332,
        "narHash": "sha256-HG2cCnktfHsKV0s4XW83gU3F57gaTljL9KNSuG6bnQs=",
        "owner": "hercules-ci",
        "repo": "gitignore.nix",
        "rev": "637db329424fd7e46cf4185293b9cc8c88c95394",
        "type": "github"
      },
      "original": {
        "owner": "hercules-ci",
        "repo": "gitignore.nix",
        "type": "github"
      }
    },
    "home-manager": {
      "inputs": {
        "nixpkgs": [
          "nixpkgs"
        ]
      },
      "locked": {
        "lastModified": 1746243165,
        "narHash": "sha256-DQycVmlyLQNLjLJ/FzpokVmbxGQ8HjQQ4zN4nyq2vII=",
        "owner": "nix-community",
        "repo": "home-manager",
        "rev": "c0962eeeabfb8127713f859ec8a5f0e86dead0f2",
        "type": "github"
      },
      "original": {
        "owner": "nix-community",
        "repo": "home-manager",
        "type": "github"
      }
    },
    "hyprcursor": {
      "inputs": {
        "hyprlang": [
          "hyprland-0_46",
          "hyprlang"
        ],
        "nixpkgs": [
          "hyprland-0_46",
          "nixpkgs"
        ],
        "systems": [
          "hyprland-0_46",
          "systems"
        ]
      },
      "locked": {
        "lastModified": 1734364709,
        "narHash": "sha256-+2bZJL2u5hva7rSp65OfKJBK+k03T6GB/NCvpoS1OOo=",
        "owner": "hyprwm",
        "repo": "hyprcursor",
        "rev": "f388aacd22be4a6e4d634fbaf6f75eb0713d239a",
        "type": "github"
      },
      "original": {
        "owner": "hyprwm",
        "repo": "hyprcursor",
        "type": "github"
      }
    },
    "hyprgraphics": {
      "inputs": {
        "hyprutils": [
          "hyprland-0_46",
          "hyprutils"
        ],
        "nixpkgs": [
          "hyprland-0_46",
          "nixpkgs"
        ],
        "systems": [
          "hyprland-0_46",
          "systems"
        ]
      },
      "locked": {
        "lastModified": 1733684019,
        "narHash": "sha256-2kYREgmSmbLsmDpLEq96hxVAU3qz8aCvVhF65yCFZHY=",
        "owner": "hyprwm",
        "repo": "hyprgraphics",
        "rev": "fb2c0268645a77403af3b8a4ce8fa7ba5917f15d",
        "type": "github"
      },
      "original": {
        "owner": "hyprwm",
        "repo": "hyprgraphics",
        "type": "github"
      }
    },
    "hyprland-0_46": {
      "inputs": {
        "aquamarine": "aquamarine",
        "hyprcursor": "hyprcursor",
        "hyprgraphics": "hyprgraphics",
        "hyprland-protocols": "hyprland-protocols",
        "hyprland-qtutils": "hyprland-qtutils",
        "hyprlang": "hyprlang",
        "hyprutils": "hyprutils",
        "hyprwayland-scanner": "hyprwayland-scanner",
        "nixpkgs": "nixpkgs",
        "pre-commit-hooks": "pre-commit-hooks",
        "systems": "systems",
        "xdph": "xdph"
      },
      "locked": {
        "lastModified": 1734636407,
        "narHash": "sha256-HF5shWnOv5uJJSKJnnbLvE+lqCTCTKY2JlKs14kVKOo=",
        "owner": "hyprwm",
        "repo": "Hyprland",
        "rev": "0bd541f2fd902dbfa04c3ea2ccf679395e316887",
        "type": "github"
      },
      "original": {
        "owner": "hyprwm",
        "ref": "v0.46.2",
        "repo": "Hyprland",
        "type": "github"
      }
    },
    "hyprland-protocols": {
      "inputs": {
        "nixpkgs": [
          "hyprland-0_46",
          "nixpkgs"
        ],
        "systems": [
          "hyprland-0_46",
          "systems"
        ]
      },
      "locked": {
        "lastModified": 1728345020,
        "narHash": "sha256-xGbkc7U/Roe0/Cv3iKlzijIaFBNguasI31ynL2IlEoM=",
        "owner": "hyprwm",
        "repo": "hyprland-protocols",
        "rev": "a7c183800e74f337753de186522b9017a07a8cee",
        "type": "github"
      },
      "original": {
        "owner": "hyprwm",
        "repo": "hyprland-protocols",
        "type": "github"
      }
    },
    "hyprland-qtutils": {
      "inputs": {
        "hyprutils": [
          "hyprland-0_46",
          "hyprutils"
        ],
        "nixpkgs": [
          "hyprland-0_46",
          "nixpkgs"
        ],
        "systems": [
          "hyprland-0_46",
          "systems"
        ]
      },
      "locked": {
        "lastModified": 1733940128,
        "narHash": "sha256-hmfXWj2GA9cj1QUkPFYtAAeohhs615zL4E3APy3FnvQ=",
        "owner": "hyprwm",
        "repo": "hyprland-qtutils",
        "rev": "3833097e50473a152dd614d4b468886840b4ea78",
        "type": "github"
      },
      "original": {
        "owner": "hyprwm",
        "repo": "hyprland-qtutils",
        "type": "github"
      }
    },
    "hyprlang": {
      "inputs": {
        "hyprutils": [
          "hyprland-0_46",
          "hyprutils"
        ],
        "nixpkgs": [
          "hyprland-0_46",
          "nixpkgs"
        ],
        "systems": [
          "hyprland-0_46",
          "systems"
        ]
      },
      "locked": {
        "lastModified": 1734364628,
        "narHash": "sha256-ii8fzJfI953n/EmIxVvq64ZAwhvwuuPHWfGd61/mJG8=",
        "owner": "hyprwm",
        "repo": "hyprlang",
        "rev": "16e59c1eb13d9fb6de066f54e7555eb5e8a4aba5",
        "type": "github"
      },
      "original": {
        "owner": "hyprwm",
        "repo": "hyprlang",
        "type": "github"
      }
    },
    "hyprpanel": {
      "inputs": {
        "ags": "ags",
        "nixpkgs": "nixpkgs_2"
      },
      "locked": {
        "lastModified": 1745885816,
        "narHash": "sha256-yuIb6/gGcII+2YgtTLcYdga0pcL63B18xQ/oitOhg7k=",
        "owner": "Jas-SinghFSU",
        "repo": "HyprPanel",
        "rev": "0c82ce9704c8063be8d8f60443071c91943eb68c",
        "type": "github"
      },
      "original": {
        "owner": "Jas-SinghFSU",
        "repo": "HyprPanel",
        "type": "github"
      }
    },
    "hyprutils": {
      "inputs": {
        "nixpkgs": [
          "hyprland-0_46",
          "nixpkgs"
        ],
        "systems": [
          "hyprland-0_46",
          "systems"
        ]
      },
      "locked": {
        "lastModified": 1733502241,
        "narHash": "sha256-KAUNC4Dgq8WQjYov5auBw/usaHixhacvb7cRDd0AG/k=",
        "owner": "hyprwm",
        "repo": "hyprutils",
        "rev": "104117aed6dd68561be38b50f218190aa47f2cd8",
        "type": "github"
      },
      "original": {
        "owner": "hyprwm",
        "repo": "hyprutils",
        "type": "github"
      }
    },
    "hyprwayland-scanner": {
      "inputs": {
        "nixpkgs": [
          "hyprland-0_46",
          "nixpkgs"
        ],
        "systems": [
          "hyprland-0_46",
          "systems"
        ]
      },
      "locked": {
        "lastModified": 1726874836,
        "narHash": "sha256-VKR0sf0PSNCB0wPHVKSAn41mCNVCnegWmgkrneKDhHM=",
        "owner": "hyprwm",
        "repo": "hyprwayland-scanner",
        "rev": "500c81a9e1a76760371049a8d99e008ea77aa59e",
        "type": "github"
      },
      "original": {
        "owner": "hyprwm",
        "repo": "hyprwayland-scanner",
        "type": "github"
      }
    },
    "kwin-effects-forceblur": {
      "inputs": {
        "nixpkgs": [
          "nixpkgs"
        ],
        "utils": "utils"
      },
      "locked": {
        "lastModified": 1745057346,
        "narHash": "sha256-71cyYKUul9owRzbcObXkzhTBcmnXJsvmk1gq0RbP5PQ=",
        "owner": "taj-ny",
        "repo": "kwin-effects-forceblur",
        "rev": "fea9f80f27389aa8a62befb5babf40b28fed328d",
        "type": "github"
      },
      "original": {
        "owner": "taj-ny",
        "repo": "kwin-effects-forceblur",
        "type": "github"
      }
    },
    "nixpkgs": {
      "locked": {
        "lastModified": 1734119587,
        "narHash": "sha256-AKU6qqskl0yf2+JdRdD0cfxX4b9x3KKV5RqA6wijmPM=",
        "owner": "NixOS",
        "repo": "nixpkgs",
        "rev": "3566ab7246670a43abd2ffa913cc62dad9cdf7d5",
        "type": "github"
      },
      "original": {
        "owner": "NixOS",
        "ref": "nixos-unstable",
        "repo": "nixpkgs",
        "type": "github"
      }
    },
    "nixpkgs-stable": {
      "locked": {
        "lastModified": 1730741070,
        "narHash": "sha256-edm8WG19kWozJ/GqyYx2VjW99EdhjKwbY3ZwdlPAAlo=",
        "owner": "NixOS",
        "repo": "nixpkgs",
        "rev": "d063c1dd113c91ab27959ba540c0d9753409edf3",
        "type": "github"
      },
      "original": {
        "owner": "NixOS",
        "ref": "nixos-24.05",
        "repo": "nixpkgs",
        "type": "github"
      }
    },
    "nixpkgs_2": {
      "locked": {
        "lastModified": 1736344531,
        "narHash": "sha256-8YVQ9ZbSfuUk2bUf2KRj60NRraLPKPS0Q4QFTbc+c2c=",
        "owner": "nixos",
        "repo": "nixpkgs",
        "rev": "bffc22eb12172e6db3c5dde9e3e5628f8e3e7912",
        "type": "github"
      },
      "original": {
        "owner": "nixos",
        "ref": "nixos-unstable",
        "repo": "nixpkgs",
        "type": "github"
      }
    },
    "nixpkgs_3": {
      "locked": {
        "lastModified": 1746141548,
        "narHash": "sha256-IgBWhX7A2oJmZFIrpRuMnw5RAufVnfvOgHWgIdds+hc=",
        "owner": "nixos",
        "repo": "nixpkgs",
        "rev": "f02fddb8acef29a8b32f10a335d44828d7825b78",
        "type": "github"
      },
      "original": {
        "owner": "nixos",
        "ref": "nixos-unstable",
        "repo": "nixpkgs",
        "type": "github"
      }
    },
    "pre-commit-hooks": {
      "inputs": {
        "flake-compat": "flake-compat",
        "gitignore": "gitignore",
        "nixpkgs": [
          "hyprland-0_46",
          "nixpkgs"
        ],
        "nixpkgs-stable": "nixpkgs-stable"
      },
      "locked": {
        "lastModified": 1734279981,
        "narHash": "sha256-NdaCraHPp8iYMWzdXAt5Nv6sA3MUzlCiGiR586TCwo0=",
        "owner": "cachix",
        "repo": "git-hooks.nix",
        "rev": "aa9f40c906904ebd83da78e7f328cd8aeaeae785",
        "type": "github"
      },
      "original": {
        "owner": "cachix",
        "repo": "git-hooks.nix",
        "type": "github"
      }
    },
    "root": {
      "inputs": {
        "home-manager": "home-manager",
        "hyprland-0_46": "hyprland-0_46",
        "hyprpanel": "hyprpanel",
        "kwin-effects-forceblur": "kwin-effects-forceblur",
        "nixpkgs": "nixpkgs_3"
      }
    },
    "systems": {
      "locked": {
        "lastModified": 1689347949,
        "narHash": "sha256-12tWmuL2zgBgZkdoB6qXZsgJEH9LR3oUgpaQq2RbI80=",
        "owner": "nix-systems",
        "repo": "default-linux",
        "rev": "31732fcf5e8fea42e59c2488ad31a0e651500f68",
        "type": "github"
      },
      "original": {
        "owner": "nix-systems",
        "repo": "default-linux",
        "type": "github"
      }
    },
    "systems_2": {
      "locked": {
        "lastModified": 1681028828,
        "narHash": "sha256-Vy1rq5AaRuLzOxct8nz4T6wlgyUR7zLU309k9mBC768=",
        "owner": "nix-systems",
        "repo": "default",
        "rev": "da67096a3b9bf56a91d16901293e51ba5b49a27e",
        "type": "github"
      },
      "original": {
        "owner": "nix-systems",
        "repo": "default",
        "type": "github"
      }
    },
    "utils": {
      "inputs": {
        "systems": "systems_2"
      },
      "locked": {
        "lastModified": 1726560853,
        "narHash": "sha256-X6rJYSESBVr3hBoH0WbKE5KvhPU5bloyZ2L4K60/fPQ=",
        "owner": "numtide",
        "repo": "flake-utils",
        "rev": "c1dfcf08411b08f6b8615f7d8971a2bfa81d5e8a",
        "type": "github"
      },
      "original": {
        "owner": "numtide",
        "repo": "flake-utils",
        "type": "github"
      }
    },
    "xdph": {
      "inputs": {
        "hyprland-protocols": [
          "hyprland-0_46",
          "hyprland-protocols"
        ],
        "hyprlang": [
          "hyprland-0_46",
          "hyprlang"
        ],
        "hyprutils": [
          "hyprland-0_46",
          "hyprutils"
        ],
        "hyprwayland-scanner": [
          "hyprland-0_46",
          "hyprwayland-scanner"
        ],
        "nixpkgs": [
          "hyprland-0_46",
          "nixpkgs"
        ],
        "systems": [
          "hyprland-0_46",
          "systems"
        ]
      },
      "locked": {
        "lastModified": 1734124279,
        "narHash": "sha256-YNpFfiQjYt2o6LGcMN9NkjVvprC8ELrIpLHlbZbclRM=",
        "owner": "hyprwm",
        "repo": "xdg-desktop-portal-hyprland",
        "rev": "0c6861f819f6d31f6195c9864709b2556f00b5cf",
        "type": "github"
      },
      "original": {
        "owner": "hyprwm",
        "repo": "xdg-desktop-portal-hyprland",
        "type": "github"
      }
    }
  },
  "root": "root",
  "version": 7
}
